
Microsoft Visual Studio Solution File, Format Version 12.00
# Visual Studio 2012
Project("{FAE04EC0-301F-11D3-BF4B-00C04F79EFBC}") = "RenderGenCompiler", "RenderGenCompiler\RenderGenCompiler.csproj", "{2AB29EC0-4179-4F28-B416-EC876A07AA98}"
EndProject
Project("{FAE04EC0-301F-11D3-BF4B-00C04F79EFBC}") = "Sample_BasicBVH", "Sample_BasicBVH\Sample_BasicBVH.csproj", "{998A82F7-9DFA-49D9-B3A9-16F7B56E2DB8}"
EndProject
Project("{2150E333-8FDC-42A3-9474-1A3956D46DE8}") = "Samples", "Samples", "{CEAB518E-4B21-4D73-A30F-2D367F4E0E8D}"
EndProject
Project("{8BC9CEB8-8B4A-11D0-8D11-00A0C91BC942}") = "Launcher", "Launcher\Launcher.vcxproj", "{33EBC2C6-AEEA-4910-9639-B9A042FB3AE3}"
EndProject
Project("{8BC9CEB8-8B4A-11D0-8D11-00A0C91BC942}") = "CoreLib", "CoreLib\CoreLib.vcxproj", "{F9BE7957-8399-899E-0C49-E714FDDD4B65}"
EndProject
Project("{8BC9CEB8-8B4A-11D0-8D11-00A0C91BC942}") = "Runtime", "Runtime\Runtime.vcxproj", "{0729752D-C822-4C8A-8ABF-38497BB5D115}"
EndProject
Project("{8BC9CEB8-8B4A-11D0-8D11-00A0C91BC942}") = "SampleRenderer", "SampleRenderer\SampleRenderer.vcxproj", "{97467B86-403E-4844-A7E2-39FDF97A2268}"
EndProject
Project("{FAE04EC0-301F-11D3-BF4B-00C04F79EFBC}") = "Mockingbird", "ClassLibrary1\Mockingbird.csproj", "{8C3ADE9B-E0E4-4A9F-803F-9D21E07C5FD3}"
EndProject
Project("{FAE04EC0-301F-11D3-BF4B-00C04F79EFBC}") = "Sample_Brute", "Sample_Brute\Sample_Brute.csproj", "{D9E09784-41EB-4746-B3FF-8369336BD0B5}"
EndProject
Project("{FAE04EC0-301F-11D3-BF4B-00C04F79EFBC}") = "CompilerIntrinsics", "CompilerIntrinsics\CompilerIntrinsics.csproj", "{CA81A04C-2068-4A12-8C85-6EBDB903DC7E}"
EndProject
Project("{F2A71F9B-5D33-465A-A702-920D77279786}") = "FrontEnd", "TopEndCompilers\FrontEnd.fsproj", "{8AE3EC3B-884F-435F-8772-26B7C96FDA69}"
EndProject
Project("{FAE04EC0-301F-11D3-BF4B-00C04F79EFBC}") = "CppIncludeGen", "CppIncludeGen\CppIncludeGen.csproj", "{7E8AE8CB-892C-41B4-B4C7-FB0A3DD328E6}"
EndProject
Global
	GlobalSection(SolutionConfigurationPlatforms) = preSolution
		Debug|Any CPU = Debug|Any CPU
		Debug|Mixed Platforms = Debug|Mixed Platforms
		Debug|Win32 = Debug|Win32
		Release|Any CPU = Release|Any CPU
		Release|Mixed Platforms = Release|Mixed Platforms
		Release|Win32 = Release|Win32
	EndGlobalSection
	GlobalSection(ProjectConfigurationPlatforms) = postSolution
		{2AB29EC0-4179-4F28-B416-EC876A07AA98}.Debug|Any CPU.ActiveCfg = Debug|Any CPU
		{2AB29EC0-4179-4F28-B416-EC876A07AA98}.Debug|Any CPU.Build.0 = Debug|Any CPU
		{2AB29EC0-4179-4F28-B416-EC876A07AA98}.Debug|Mixed Platforms.ActiveCfg = Debug|Any CPU
		{2AB29EC0-4179-4F28-B416-EC876A07AA98}.Debug|Mixed Platforms.Build.0 = Debug|Any CPU
		{2AB29EC0-4179-4F28-B416-EC876A07AA98}.Debug|Win32.ActiveCfg = Debug|Any CPU
		{2AB29EC0-4179-4F28-B416-EC876A07AA98}.Release|Any CPU.ActiveCfg = Release|Any CPU
		{2AB29EC0-4179-4F28-B416-EC876A07AA98}.Release|Any CPU.Build.0 = Release|Any CPU
		{2AB29EC0-4179-4F28-B416-EC876A07AA98}.Release|Mixed Platforms.ActiveCfg = Release|Any CPU
		{2AB29EC0-4179-4F28-B416-EC876A07AA98}.Release|Mixed Platforms.Build.0 = Release|Any CPU
		{2AB29EC0-4179-4F28-B416-EC876A07AA98}.Release|Win32.ActiveCfg = Release|Any CPU
		{998A82F7-9DFA-49D9-B3A9-16F7B56E2DB8}.Debug|Any CPU.ActiveCfg = Debug|Any CPU
		{998A82F7-9DFA-49D9-B3A9-16F7B56E2DB8}.Debug|Any CPU.Build.0 = Debug|Any CPU
		{998A82F7-9DFA-49D9-B3A9-16F7B56E2DB8}.Debug|Mixed Platforms.ActiveCfg = Debug|Any CPU
		{998A82F7-9DFA-49D9-B3A9-16F7B56E2DB8}.Debug|Mixed Platforms.Build.0 = Debug|Any CPU
		{998A82F7-9DFA-49D9-B3A9-16F7B56E2DB8}.Debug|Win32.ActiveCfg = Debug|Any CPU
		{998A82F7-9DFA-49D9-B3A9-16F7B56E2DB8}.Release|Any CPU.ActiveCfg = Release|Any CPU
		{998A82F7-9DFA-49D9-B3A9-16F7B56E2DB8}.Release|Any CPU.Build.0 = Release|Any CPU
		{998A82F7-9DFA-49D9-B3A9-16F7B56E2DB8}.Release|Mixed Platforms.ActiveCfg = Release|Any CPU
		{998A82F7-9DFA-49D9-B3A9-16F7B56E2DB8}.Release|Mixed Platforms.Build.0 = Release|Any CPU
		{998A82F7-9DFA-49D9-B3A9-16F7B56E2DB8}.Release|Win32.ActiveCfg = Release|Any CPU
		{33EBC2C6-AEEA-4910-9639-B9A042FB3AE3}.Debug|Any CPU.ActiveCfg = Debug|Win32
		{33EBC2C6-AEEA-4910-9639-B9A042FB3AE3}.Debug|Mixed Platforms.ActiveCfg = Debug|Win32
		{33EBC2C6-AEEA-4910-9639-B9A042FB3AE3}.Debug|Mixed Platforms.Build.0 = Debug|Win32
		{33EBC2C6-AEEA-4910-9639-B9A042FB3AE3}.Debug|Win32.ActiveCfg = Debug|Win32
		{33EBC2C6-AEEA-4910-9639-B9A042FB3AE3}.Debug|Win32.Build.0 = Debug|Win32
		{33EBC2C6-AEEA-4910-9639-B9A042FB3AE3}.Release|Any CPU.ActiveCfg = Release|Win32
		{33EBC2C6-AEEA-4910-9639-B9A042FB3AE3}.Release|Mixed Platforms.ActiveCfg = Release|Win32
		{33EBC2C6-AEEA-4910-9639-B9A042FB3AE3}.Release|Mixed Platforms.Build.0 = Release|Win32
		{33EBC2C6-AEEA-4910-9639-B9A042FB3AE3}.Release|Win32.ActiveCfg = Release|Win32
		{33EBC2C6-AEEA-4910-9639-B9A042FB3AE3}.Release|Win32.Build.0 = Release|Win32
		{F9BE7957-8399-899E-0C49-E714FDDD4B65}.Debug|Any CPU.ActiveCfg = Debug|Win32
		{F9BE7957-8399-899E-0C49-E714FDDD4B65}.Debug|Mixed Platforms.ActiveCfg = Debug|Win32
		{F9BE7957-8399-899E-0C49-E714FDDD4B65}.Debug|Mixed Platforms.Build.0 = Debug|Win32
		{F9BE7957-8399-899E-0C49-E714FDDD4B65}.Debug|Win32.ActiveCfg = Debug|Win32
		{F9BE7957-8399-899E-0C49-E714FDDD4B65}.Debug|Win32.Build.0 = Debug|Win32
		{F9BE7957-8399-899E-0C49-E714FDDD4B65}.Release|Any CPU.ActiveCfg = Release|Win32
		{F9BE7957-8399-899E-0C49-E714FDDD4B65}.Release|Mixed Platforms.ActiveCfg = Release|Win32
		{F9BE7957-8399-899E-0C49-E714FDDD4B65}.Release|Mixed Platforms.Build.0 = Release|Win32
		{F9BE7957-8399-899E-0C49-E714FDDD4B65}.Release|Win32.ActiveCfg = Release|Win32
		{F9BE7957-8399-899E-0C49-E714FDDD4B65}.Release|Win32.Build.0 = Release|Win32
		{0729752D-C822-4C8A-8ABF-38497BB5D115}.Debug|Any CPU.ActiveCfg = Debug|Win32
		{0729752D-C822-4C8A-8ABF-38497BB5D115}.Debug|Mixed Platforms.ActiveCfg = Debug|Win32
		{0729752D-C822-4C8A-8ABF-38497BB5D115}.Debug|Mixed Platforms.Build.0 = Debug|Win32
		{0729752D-C822-4C8A-8ABF-38497BB5D115}.Debug|Win32.ActiveCfg = Debug|Win32
		{0729752D-C822-4C8A-8ABF-38497BB5D115}.Debug|Win32.Build.0 = Debug|Win32
		{0729752D-C822-4C8A-8ABF-38497BB5D115}.Release|Any CPU.ActiveCfg = Release|Win32
		{0729752D-C822-4C8A-8ABF-38497BB5D115}.Release|Mixed Platforms.ActiveCfg = Release|Win32
		{0729752D-C822-4C8A-8ABF-38497BB5D115}.Release|Mixed Platforms.Build.0 = Release|Win32
		{0729752D-C822-4C8A-8ABF-38497BB5D115}.Release|Win32.ActiveCfg = Release|Win32
		{0729752D-C822-4C8A-8ABF-38497BB5D115}.Release|Win32.Build.0 = Release|Win32
		{97467B86-403E-4844-A7E2-39FDF97A2268}.Debug|Any CPU.ActiveCfg = Debug|Win32
		{97467B86-403E-4844-A7E2-39FDF97A2268}.Debug|Mixed Platforms.ActiveCfg = Debug|Win32
		{97467B86-403E-4844-A7E2-39FDF97A2268}.Debug|Mixed Platforms.Build.0 = Debug|Win32
		{97467B86-403E-4844-A7E2-39FDF97A2268}.Debug|Win32.ActiveCfg = Debug|Win32
		{97467B86-403E-4844-A7E2-39FDF97A2268}.Debug|Win32.Build.0 = Debug|Win32
		{97467B86-403E-4844-A7E2-39FDF97A2268}.Release|Any CPU.ActiveCfg = Release|Win32
		{97467B86-403E-4844-A7E2-39FDF97A2268}.Release|Mixed Platforms.ActiveCfg = Release|Win32
		{97467B86-403E-4844-A7E2-39FDF97A2268}.Release|Mixed Platforms.Build.0 = Release|Win32
		{97467B86-403E-4844-A7E2-39FDF97A2268}.Release|Win32.ActiveCfg = Release|Win32
		{97467B86-403E-4844-A7E2-39FDF97A2268}.Release|Win32.Build.0 = Release|Win32
		{8C3ADE9B-E0E4-4A9F-803F-9D21E07C5FD3}.Debug|Any CPU.ActiveCfg = Debug|Any CPU
		{8C3ADE9B-E0E4-4A9F-803F-9D21E07C5FD3}.Debug|Any CPU.Build.0 = Debug|Any CPU
		{8C3ADE9B-E0E4-4A9F-803F-9D21E07C5FD3}.Debug|Mixed Platforms.ActiveCfg = Debug|Any CPU
		{8C3ADE9B-E0E4-4A9F-803F-9D21E07C5FD3}.Debug|Mixed Platforms.Build.0 = Debug|Any CPU
		{8C3ADE9B-E0E4-4A9F-803F-9D21E07C5FD3}.Debug|Win32.ActiveCfg = Debug|Any CPU
		{8C3ADE9B-E0E4-4A9F-803F-9D21E07C5FD3}.Release|Any CPU.ActiveCfg = Release|Any CPU
		{8C3ADE9B-E0E4-4A9F-803F-9D21E07C5FD3}.Release|Any CPU.Build.0 = Release|Any CPU
		{8C3ADE9B-E0E4-4A9F-803F-9D21E07C5FD3}.Release|Mixed Platforms.ActiveCfg = Release|Any CPU
		{8C3ADE9B-E0E4-4A9F-803F-9D21E07C5FD3}.Release|Mixed Platforms.Build.0 = Release|Any CPU
		{8C3ADE9B-E0E4-4A9F-803F-9D21E07C5FD3}.Release|Win32.ActiveCfg = Release|Any CPU
		{D9E09784-41EB-4746-B3FF-8369336BD0B5}.Debug|Any CPU.ActiveCfg = Debug|Any CPU
		{D9E09784-41EB-4746-B3FF-8369336BD0B5}.Debug|Any CPU.Build.0 = Debug|Any CPU
		{D9E09784-41EB-4746-B3FF-8369336BD0B5}.Debug|Mixed Platforms.ActiveCfg = Debug|Any CPU
		{D9E09784-41EB-4746-B3FF-8369336BD0B5}.Debug|Mixed Platforms.Build.0 = Debug|Any CPU
		{D9E09784-41EB-4746-B3FF-8369336BD0B5}.Debug|Win32.ActiveCfg = Debug|Any CPU
		{D9E09784-41EB-4746-B3FF-8369336BD0B5}.Release|Any CPU.ActiveCfg = Release|Any CPU
		{D9E09784-41EB-4746-B3FF-8369336BD0B5}.Release|Any CPU.Build.0 = Release|Any CPU
		{D9E09784-41EB-4746-B3FF-8369336BD0B5}.Release|Mixed Platforms.ActiveCfg = Release|Any CPU
		{D9E09784-41EB-4746-B3FF-8369336BD0B5}.Release|Mixed Platforms.Build.0 = Release|Any CPU
		{D9E09784-41EB-4746-B3FF-8369336BD0B5}.Release|Win32.ActiveCfg = Release|Any CPU
		{CA81A04C-2068-4A12-8C85-6EBDB903DC7E}.Debug|Any CPU.ActiveCfg = Debug|Any CPU
		{CA81A04C-2068-4A12-8C85-6EBDB903DC7E}.Debug|Any CPU.Build.0 = Debug|Any CPU
		{CA81A04C-2068-4A12-8C85-6EBDB903DC7E}.Debug|Mixed Platforms.ActiveCfg = Debug|Any CPU
		{CA81A04C-2068-4A12-8C85-6EBDB903DC7E}.Debug|Mixed Platforms.Build.0 = Debug|Any CPU
		{CA81A04C-2068-4A12-8C85-6EBDB903DC7E}.Debug|Win32.ActiveCfg = Debug|Any CPU
		{CA81A04C-2068-4A12-8C85-6EBDB903DC7E}.Release|Any CPU.ActiveCfg = Release|Any CPU
		{CA81A04C-2068-4A12-8C85-6EBDB903DC7E}.Release|Any CPU.Build.0 = Release|Any CPU
		{CA81A04C-2068-4A12-8C85-6EBDB903DC7E}.Release|Mixed Platforms.ActiveCfg = Release|Any CPU
		{CA81A04C-2068-4A12-8C85-6EBDB903DC7E}.Release|Mixed Platforms.Build.0 = Release|Any CPU
		{CA81A04C-2068-4A12-8C85-6EBDB903DC7E}.Release|Win32.ActiveCfg = Release|Any CPU
		{8AE3EC3B-884F-435F-8772-26B7C96FDA69}.Debug|Any CPU.ActiveCfg = Debug|Any CPU
		{8AE3EC3B-884F-435F-8772-26B7C96FDA69}.Debug|Any CPU.Build.0 = Debug|Any CPU
		{8AE3EC3B-884F-435F-8772-26B7C96FDA69}.Debug|Mixed Platforms.ActiveCfg = Debug|Any CPU
		{8AE3EC3B-884F-435F-8772-26B7C96FDA69}.Debug|Mixed Platforms.Build.0 = Debug|Any CPU
		{8AE3EC3B-884F-435F-8772-26B7C96FDA69}.Debug|Win32.ActiveCfg = Debug|Any CPU
		{8AE3EC3B-884F-435F-8772-26B7C96FDA69}.Release|Any CPU.ActiveCfg = Release|Any CPU
		{8AE3EC3B-884F-435F-8772-26B7C96FDA69}.Release|Any CPU.Build.0 = Release|Any CPU
		{8AE3EC3B-884F-435F-8772-26B7C96FDA69}.Release|Mixed Platforms.ActiveCfg = Release|Any CPU
		{8AE3EC3B-884F-435F-8772-26B7C96FDA69}.Release|Mixed Platforms.Build.0 = Release|Any CPU
		{8AE3EC3B-884F-435F-8772-26B7C96FDA69}.Release|Win32.ActiveCfg = Release|Any CPU
		{7E8AE8CB-892C-41B4-B4C7-FB0A3DD328E6}.Debug|Any CPU.ActiveCfg = Debug|Any CPU
		{7E8AE8CB-892C-41B4-B4C7-FB0A3DD328E6}.Debug|Any CPU.Build.0 = Debug|Any CPU
		{7E8AE8CB-892C-41B4-B4C7-FB0A3DD328E6}.Debug|Mixed Platforms.ActiveCfg = Debug|Any CPU
		{7E8AE8CB-892C-41B4-B4C7-FB0A3DD328E6}.Debug|Mixed Platforms.Build.0 = Debug|Any CPU
		{7E8AE8CB-892C-41B4-B4C7-FB0A3DD328E6}.Debug|Win32.ActiveCfg = Debug|Any CPU
		{7E8AE8CB-892C-41B4-B4C7-FB0A3DD328E6}.Release|Any CPU.ActiveCfg = Release|Any CPU
		{7E8AE8CB-892C-41B4-B4C7-FB0A3DD328E6}.Release|Any CPU.Build.0 = Release|Any CPU
		{7E8AE8CB-892C-41B4-B4C7-FB0A3DD328E6}.Release|Mixed Platforms.ActiveCfg = Release|Any CPU
		{7E8AE8CB-892C-41B4-B4C7-FB0A3DD328E6}.Release|Mixed Platforms.Build.0 = Release|Any CPU
		{7E8AE8CB-892C-41B4-B4C7-FB0A3DD328E6}.Release|Win32.ActiveCfg = Release|Any CPU
	EndGlobalSection
	GlobalSection(SolutionProperties) = preSolution
		HideSolutionNode = FALSE
	EndGlobalSection
	GlobalSection(NestedProjects) = preSolution
		{998A82F7-9DFA-49D9-B3A9-16F7B56E2DB8} = {CEAB518E-4B21-4D73-A30F-2D367F4E0E8D}
		{97467B86-403E-4844-A7E2-39FDF97A2268} = {CEAB518E-4B21-4D73-A30F-2D367F4E0E8D}
		{D9E09784-41EB-4746-B3FF-8369336BD0B5} = {CEAB518E-4B21-4D73-A30F-2D367F4E0E8D}
	EndGlobalSection
EndGlobal
