<?xml version="1.0" encoding="utf-8"?>
<Project ToolsVersion="4.0" xmlns="http://schemas.microsoft.com/developer/msbuild/2003">
  <ItemGroup>
    <Filter Include="Source Files">
      <UniqueIdentifier>{4FC737F1-C7A5-4376-A066-2A32D752A2FF}</UniqueIdentifier>
      <Extensions>cpp;c;cc;cxx;def;odl;idl;hpj;bat;asm;asmx</Extensions>
    </Filter>
    <Filter Include="Header Files">
      <UniqueIdentifier>{93995380-89BD-4b04-88EB-625FBE52EBFB}</UniqueIdentifier>
      <Extensions>h;hpp;hxx;hm;inl;inc;xsd</Extensions>
    </Filter>
    <Filter Include="Resource Files">
      <UniqueIdentifier>{67DA6AB6-F800-4c08-8B7A-83BB121AAD01}</UniqueIdentifier>
      <Extensions>rc;ico;cur;bmp;dlg;rc2;rct;bin;rgs;gif;jpg;jpeg;jpe;resx;tiff;tif;png;wav;mfcribbon-ms</Extensions>
    </Filter>
    <Filter Include="Regex">
      <UniqueIdentifier>{14526b67-a4fc-4879-8a7d-3fdd1422f257}</UniqueIdentifier>
    </Filter>
  </ItemGroup>
  <ItemGroup>
    <Text Include="ReadMe.txt" />
  </ItemGroup>
  <ItemGroup>
    <ClInclude Include="Basic.h">
      <Filter>Header Files</Filter>
    </ClInclude>
    <ClInclude Include="LibString.h">
      <Filter>Header Files</Filter>
    </ClInclude>
    <ClInclude Include="List.h">
      <Filter>Header Files</Filter>
    </ClInclude>
    <ClInclude Include="SmartPointer.h">
      <Filter>Header Files</Filter>
    </ClInclude>
    <ClInclude Include="Common.h">
      <Filter>Header Files</Filter>
    </ClInclude>
    <ClInclude Include="IntSet.h">
      <Filter>Header Files</Filter>
    </ClInclude>
    <ClInclude Include="LibMath.h">
      <Filter>Header Files</Filter>
    </ClInclude>
    <ClInclude Include="Stream.h">
      <Filter>Header Files</Filter>
    </ClInclude>
    <ClInclude Include="Exception.h">
      <Filter>Header Files</Filter>
    </ClInclude>
    <ClInclude Include="LibIO.h">
      <Filter>Header Files</Filter>
    </ClInclude>
    <ClInclude Include="Link.h">
      <Filter>Header Files</Filter>
    </ClInclude>
    <ClInclude Include="Dictionary.h">
      <Filter>Header Files</Filter>
    </ClInclude>
    <ClInclude Include="TextIO.h">
      <Filter>Header Files</Filter>
    </ClInclude>
    <ClInclude Include="Regex\MetaLexer.h">
      <Filter>Regex</Filter>
    </ClInclude>
    <ClInclude Include="Regex\Regex.h">
      <Filter>Regex</Filter>
    </ClInclude>
    <ClInclude Include="Regex\RegexDFA.h">
      <Filter>Regex</Filter>
    </ClInclude>
    <ClInclude Include="Regex\RegexNFA.h">
      <Filter>Regex</Filter>
    </ClInclude>
    <ClInclude Include="Regex\RegexTree.h">
      <Filter>Regex</Filter>
    </ClInclude>
    <ClInclude Include="Parser.h">
      <Filter>Header Files</Filter>
    </ClInclude>
  </ItemGroup>
  <ItemGroup>
    <ClCompile Include="LibString.cpp">
      <Filter>Source Files</Filter>
    </ClCompile>
    <ClCompile Include="Stream.cpp">
      <Filter>Source Files</Filter>
    </ClCompile>
    <ClCompile Include="LibIO.cpp">
      <Filter>Source Files</Filter>
    </ClCompile>
    <ClCompile Include="TextIO.cpp">
      <Filter>Source Files</Filter>
    </ClCompile>
    <ClCompile Include="Regex\MetaLexer.cpp">
      <Filter>Regex</Filter>
    </ClCompile>
    <ClCompile Include="Regex\Regex.cpp">
      <Filter>Regex</Filter>
    </ClCompile>
    <ClCompile Include="Regex\RegexDFA.cpp">
      <Filter>Regex</Filter>
    </ClCompile>
    <ClCompile Include="Regex\RegexNFA.cpp">
      <Filter>Regex</Filter>
    </ClCompile>
    <ClCompile Include="Regex\RegexParser.cpp">
      <Filter>Regex</Filter>
    </ClCompile>
    <ClCompile Include="Regex\RegexTree.cpp">
      <Filter>Regex</Filter>
    </ClCompile>
    <ClCompile Include="Parser.cpp">
      <Filter>Source Files</Filter>
    </ClCompile>
  </ItemGroup>
</Project>